// !$*UTF8*$!
{
	archiveVersion = 1;
	classes = {
	};
	objectVersion = 46;
	objects = {

/* Begin PBXBuildFile section */
		3F382A5B1CECF5BD008D4EDF /* AppDelegate.swift in Sources */ = {isa = PBXBuildFile; fileRef = 3F382A5A1CECF5BD008D4EDF /* AppDelegate.swift */; };
		3F382A5D1CECF5BD008D4EDF /* ViewController.swift in Sources */ = {isa = PBXBuildFile; fileRef = 3F382A5C1CECF5BD008D4EDF /* ViewController.swift */; };
		3F382A601CECF5BD008D4EDF /* Main.storyboard in Resources */ = {isa = PBXBuildFile; fileRef = 3F382A5E1CECF5BD008D4EDF /* Main.storyboard */; };
		3F382A621CECF5BD008D4EDF /* Assets.xcassets in Resources */ = {isa = PBXBuildFile; fileRef = 3F382A611CECF5BD008D4EDF /* Assets.xcassets */; };
		3F382A651CECF5BD008D4EDF /* LaunchScreen.storyboard in Resources */ = {isa = PBXBuildFile; fileRef = 3F382A631CECF5BD008D4EDF /* LaunchScreen.storyboard */; };
		3F382A701CECF5BD008D4EDF /* WillPowerTests.swift in Sources */ = {isa = PBXBuildFile; fileRef = 3F382A6F1CECF5BD008D4EDF /* WillPowerTests.swift */; };
		3F382A7B1CECF5BD008D4EDF /* WillPowerUITests.swift in Sources */ = {isa = PBXBuildFile; fileRef = 3F382A7A1CECF5BD008D4EDF /* WillPowerUITests.swift */; };
		3F382A891CED1952008D4EDF /* AddViewController.swift in Sources */ = {isa = PBXBuildFile; fileRef = 3F382A881CED1952008D4EDF /* AddViewController.swift */; };
		3F382A8E1CEDDA6A008D4EDF /* logo.png in Resources */ = {isa = PBXBuildFile; fileRef = 3F382A8D1CEDDA6A008D4EDF /* logo.png */; };
		3F382A931CEDE3BD008D4EDF /* AddCustomButton.png in Resources */ = {isa = PBXBuildFile; fileRef = 3F382A8F1CEDE3BD008D4EDF /* AddCustomButton.png */; };
		3F382A941CEDE3BD008D4EDF /* startDietButton.png in Resources */ = {isa = PBXBuildFile; fileRef = 3F382A901CEDE3BD008D4EDF /* startDietButton.png */; };
		3F382A951CEDE3BD008D4EDF /* stopDrinkingButton.png in Resources */ = {isa = PBXBuildFile; fileRef = 3F382A911CEDE3BD008D4EDF /* stopDrinkingButton.png */; };
		3F382A961CEDE3BD008D4EDF /* stopSmokingButton.png in Resources */ = {isa = PBXBuildFile; fileRef = 3F382A921CEDE3BD008D4EDF /* stopSmokingButton.png */; };
		3FAD80211CEE1DE0007106E1 /* proximanova-black.otf in Resources */ = {isa = PBXBuildFile; fileRef = 3FAD801F1CEE1DE0007106E1 /* proximanova-black.otf */; };
		3FAD80221CEE1DE0007106E1 /* proximanova-bold.otf in Resources */ = {isa = PBXBuildFile; fileRef = 3FAD80201CEE1DE0007106E1 /* proximanova-bold.otf */; };
		3FAD80251CEE22A7007106E1 /* CancelButton.png in Resources */ = {isa = PBXBuildFile; fileRef = 3FAD80231CEE22A7007106E1 /* CancelButton.png */; };
		3FAD80261CEE22A7007106E1 /* ClockView.png in Resources */ = {isa = PBXBuildFile; fileRef = 3FAD80241CEE22A7007106E1 /* ClockView.png */; };
		3FAD80281CEE7092007106E1 /* addfield.png in Resources */ = {isa = PBXBuildFile; fileRef = 3FAD80271CEE7092007106E1 /* addfield.png */; };
		3FAD802A1CEE709D007106E1 /* proximanova-regular.otf in Resources */ = {isa = PBXBuildFile; fileRef = 3FAD80291CEE709D007106E1 /* proximanova-regular.otf */; };
		3FAD802C1CEE741F007106E1 /* AddCustomView.png in Resources */ = {isa = PBXBuildFile; fileRef = 3FAD802B1CEE741F007106E1 /* AddCustomView.png */; };
		3FAD802E1CEE7CD4007106E1 /* LaunchLogo.png in Resources */ = {isa = PBXBuildFile; fileRef = 3FAD802D1CEE7CD4007106E1 /* LaunchLogo.png */; };
		3FAD80311CEE8060007106E1 /* icon_2x.png in Resources */ = {isa = PBXBuildFile; fileRef = 3FAD802F1CEE8060007106E1 /* icon_2x.png */; };
		3FAD80321CEE8060007106E1 /* icon_3x.png in Resources */ = {isa = PBXBuildFile; fileRef = 3FAD80301CEE8060007106E1 /* icon_3x.png */; };
		3FAD80371CEE81DF007106E1 /* icon58.png in Resources */ = {isa = PBXBuildFile; fileRef = 3FAD80331CEE81DF007106E1 /* icon58.png */; };
		3FAD80381CEE81DF007106E1 /* icon80.png in Resources */ = {isa = PBXBuildFile; fileRef = 3FAD80341CEE81DF007106E1 /* icon80.png */; };
		3FAD80391CEE81DF007106E1 /* icon87.png in Resources */ = {isa = PBXBuildFile; fileRef = 3FAD80351CEE81DF007106E1 /* icon87.png */; };
		3FAD803A1CEE81DF007106E1 /* icon120.png in Resources */ = {isa = PBXBuildFile; fileRef = 3FAD80361CEE81DF007106E1 /* icon120.png */; };
/* End PBXBuildFile section */

/* Begin PBXContainerItemProxy section */
		3F382A6C1CECF5BD008D4EDF /* PBXContainerItemProxy */ = {
			isa = PBXContainerItemProxy;
			containerPortal = 3F382A4F1CECF5BD008D4EDF /* Project object */;
			proxyType = 1;
			remoteGlobalIDString = 3F382A561CECF5BD008D4EDF;
			remoteInfo = WillPower;
		};
		3F382A771CECF5BD008D4EDF /* PBXContainerItemProxy */ = {
			isa = PBXContainerItemProxy;
			containerPortal = 3F382A4F1CECF5BD008D4EDF /* Project object */;
			proxyType = 1;
			remoteGlobalIDString = 3F382A561CECF5BD008D4EDF;
			remoteInfo = WillPower;
		};
/* End PBXContainerItemProxy section */

/* Begin PBXFileReference section */
		3F382A571CECF5BD008D4EDF /* WillPower.app */ = {isa = PBXFileReference; explicitFileType = wrapper.application; includeInIndex = 0; path = WillPower.app; sourceTree = BUILT_PRODUCTS_DIR; };
		3F382A5A1CECF5BD008D4EDF /* AppDelegate.swift */ = {isa = PBXFileReference; lastKnownFileType = sourcecode.swift; path = AppDelegate.swift; sourceTree = "<group>"; };
		3F382A5C1CECF5BD008D4EDF /* ViewController.swift */ = {isa = PBXFileReference; lastKnownFileType = sourcecode.swift; path = ViewController.swift; sourceTree = "<group>"; };
		3F382A5F1CECF5BD008D4EDF /* Base */ = {isa = PBXFileReference; lastKnownFileType = file.storyboard; name = Base; path = Base.lproj/Main.storyboard; sourceTree = "<group>"; };
		3F382A611CECF5BD008D4EDF /* Assets.xcassets */ = {isa = PBXFileReference; lastKnownFileType = folder.assetcatalog; path = Assets.xcassets; sourceTree = "<group>"; };
		3F382A641CECF5BD008D4EDF /* Base */ = {isa = PBXFileReference; lastKnownFileType = file.storyboard; name = Base; path = Base.lproj/LaunchScreen.storyboard; sourceTree = "<group>"; };
		3F382A661CECF5BD008D4EDF /* Info.plist */ = {isa = PBXFileReference; lastKnownFileType = text.plist.xml; path = Info.plist; sourceTree = "<group>"; };
		3F382A6B1CECF5BD008D4EDF /* WillPowerTests.xctest */ = {isa = PBXFileReference; explicitFileType = wrapper.cfbundle; includeInIndex = 0; path = WillPowerTests.xctest; sourceTree = BUILT_PRODUCTS_DIR; };
		3F382A6F1CECF5BD008D4EDF /* WillPowerTests.swift */ = {isa = PBXFileReference; lastKnownFileType = sourcecode.swift; path = WillPowerTests.swift; sourceTree = "<group>"; };
		3F382A711CECF5BD008D4EDF /* Info.plist */ = {isa = PBXFileReference; lastKnownFileType = text.plist.xml; path = Info.plist; sourceTree = "<group>"; };
		3F382A761CECF5BD008D4EDF /* WillPowerUITests.xctest */ = {isa = PBXFileReference; explicitFileType = wrapper.cfbundle; includeInIndex = 0; path = WillPowerUITests.xctest; sourceTree = BUILT_PRODUCTS_DIR; };
		3F382A7A1CECF5BD008D4EDF /* WillPowerUITests.swift */ = {isa = PBXFileReference; lastKnownFileType = sourcecode.swift; path = WillPowerUITests.swift; sourceTree = "<group>"; };
		3F382A7C1CECF5BD008D4EDF /* Info.plist */ = {isa = PBXFileReference; lastKnownFileType = text.plist.xml; path = Info.plist; sourceTree = "<group>"; };
		3F382A881CED1952008D4EDF /* AddViewController.swift */ = {isa = PBXFileReference; fileEncoding = 4; lastKnownFileType = sourcecode.swift; path = AddViewController.swift; sourceTree = "<group>"; };
		3F382A8D1CEDDA6A008D4EDF /* logo.png */ = {isa = PBXFileReference; lastKnownFileType = image.png; name = logo.png; path = Resourses/images/logo.png; sourceTree = "<group>"; };
		3F382A8F1CEDE3BD008D4EDF /* AddCustomButton.png */ = {isa = PBXFileReference; lastKnownFileType = image.png; name = AddCustomButton.png; path = Resourses/images/AddCustomButton.png; sourceTree = "<group>"; };
		3F382A901CEDE3BD008D4EDF /* startDietButton.png */ = {isa = PBXFileReference; lastKnownFileType = image.png; name = startDietButton.png; path = Resourses/images/startDietButton.png; sourceTree = "<group>"; };
		3F382A911CEDE3BD008D4EDF /* stopDrinkingButton.png */ = {isa = PBXFileReference; lastKnownFileType = image.png; name = stopDrinkingButton.png; path = Resourses/images/stopDrinkingButton.png; sourceTree = "<group>"; };
		3F382A921CEDE3BD008D4EDF /* stopSmokingButton.png */ = {isa = PBXFileReference; lastKnownFileType = image.png; name = stopSmokingButton.png; path = Resourses/images/stopSmokingButton.png; sourceTree = "<group>"; };
		3FAD801F1CEE1DE0007106E1 /* proximanova-black.otf */ = {isa = PBXFileReference; lastKnownFileType = file; name = "proximanova-black.otf"; path = "Resourses/fonts/proximanova-black.otf"; sourceTree = "<group>"; };
		3FAD80201CEE1DE0007106E1 /* proximanova-bold.otf */ = {isa = PBXFileReference; lastKnownFileType = file; name = "proximanova-bold.otf"; path = "Resourses/fonts/proximanova-bold.otf"; sourceTree = "<group>"; };
		3FAD80231CEE22A7007106E1 /* CancelButton.png */ = {isa = PBXFileReference; lastKnownFileType = image.png; name = CancelButton.png; path = Resourses/images/CancelButton.png; sourceTree = "<group>"; };
		3FAD80241CEE22A7007106E1 /* ClockView.png */ = {isa = PBXFileReference; lastKnownFileType = image.png; name = ClockView.png; path = Resourses/images/ClockView.png; sourceTree = "<group>"; };
		3FAD80271CEE7092007106E1 /* addfield.png */ = {isa = PBXFileReference; lastKnownFileType = image.png; name = addfield.png; path = Resourses/images/addfield.png; sourceTree = "<group>"; };
		3FAD80291CEE709D007106E1 /* proximanova-regular.otf */ = {isa = PBXFileReference; lastKnownFileType = file; name = "proximanova-regular.otf"; path = "Resourses/fonts/proximanova-regular.otf"; sourceTree = "<group>"; };
		3FAD802B1CEE741F007106E1 /* AddCustomView.png */ = {isa = PBXFileReference; lastKnownFileType = image.png; name = AddCustomView.png; path = Resourses/images/AddCustomView.png; sourceTree = "<group>"; };
		3FAD802D1CEE7CD4007106E1 /* LaunchLogo.png */ = {isa = PBXFileReference; lastKnownFileType = image.png; name = LaunchLogo.png; path = Resourses/images/LaunchLogo.png; sourceTree = "<group>"; };
		3FAD802F1CEE8060007106E1 /* icon_2x.png */ = {isa = PBXFileReference; lastKnownFileType = image.png; name = icon_2x.png; path = Resourses/images/icon_2x.png; sourceTree = "<group>"; };
		3FAD80301CEE8060007106E1 /* icon_3x.png */ = {isa = PBXFileReference; lastKnownFileType = image.png; name = icon_3x.png; path = Resourses/images/icon_3x.png; sourceTree = "<group>"; };
		3FAD80331CEE81DF007106E1 /* icon58.png */ = {isa = PBXFileReference; lastKnownFileType = image.png; name = icon58.png; path = Resourses/images/icon58.png; sourceTree = "<group>"; };
		3FAD80341CEE81DF007106E1 /* icon80.png */ = {isa = PBXFileReference; lastKnownFileType = image.png; name = icon80.png; path = Resourses/images/icon80.png; sourceTree = "<group>"; };
		3FAD80351CEE81DF007106E1 /* icon87.png */ = {isa = PBXFileReference; lastKnownFileType = image.png; name = icon87.png; path = Resourses/images/icon87.png; sourceTree = "<group>"; };
		3FAD80361CEE81DF007106E1 /* icon120.png */ = {isa = PBXFileReference; lastKnownFileType = image.png; name = icon120.png; path = Resourses/images/icon120.png; sourceTree = "<group>"; };
/* End PBXFileReference section */

/* Begin PBXFrameworksBuildPhase section */
		3F382A541CECF5BD008D4EDF /* Frameworks */ = {
			isa = PBXFrameworksBuildPhase;
			buildActionMask = 2147483647;
			files = (
			);
			runOnlyForDeploymentPostprocessing = 0;
		};
		3F382A681CECF5BD008D4EDF /* Frameworks */ = {
			isa = PBXFrameworksBuildPhase;
			buildActionMask = 2147483647;
			files = (
			);
			runOnlyForDeploymentPostprocessing = 0;
		};
		3F382A731CECF5BD008D4EDF /* Frameworks */ = {
			isa = PBXFrameworksBuildPhase;
			buildActionMask = 2147483647;
			files = (
			);
			runOnlyForDeploymentPostprocessing = 0;
		};
/* End PBXFrameworksBuildPhase section */

/* Begin PBXGroup section */
		3F382A4E1CECF5BD008D4EDF = {
			isa = PBXGroup;
			children = (
				3F382A591CECF5BD008D4EDF /* WillPower */,
				3F382A6E1CECF5BD008D4EDF /* WillPowerTests */,
				3F382A791CECF5BD008D4EDF /* WillPowerUITests */,
				3F382A581CECF5BD008D4EDF /* Products */,
			);
			sourceTree = "<group>";
		};
		3F382A581CECF5BD008D4EDF /* Products */ = {
			isa = PBXGroup;
			children = (
				3F382A571CECF5BD008D4EDF /* WillPower.app */,
				3F382A6B1CECF5BD008D4EDF /* WillPowerTests.xctest */,
				3F382A761CECF5BD008D4EDF /* WillPowerUITests.xctest */,
			);
			name = Products;
			sourceTree = "<group>";
		};
		3F382A591CECF5BD008D4EDF /* WillPower */ = {
			isa = PBXGroup;
			children = (
				3F382A8A1CEDDA3A008D4EDF /* Resourses */,
				3F382A5A1CECF5BD008D4EDF /* AppDelegate.swift */,
				3F382A5C1CECF5BD008D4EDF /* ViewController.swift */,
				3F382A881CED1952008D4EDF /* AddViewController.swift */,
				3F382A5E1CECF5BD008D4EDF /* Main.storyboard */,
				3F382A611CECF5BD008D4EDF /* Assets.xcassets */,
				3F382A631CECF5BD008D4EDF /* LaunchScreen.storyboard */,
				3F382A661CECF5BD008D4EDF /* Info.plist */,
			);
			path = WillPower;
			sourceTree = "<group>";
		};
		3F382A6E1CECF5BD008D4EDF /* WillPowerTests */ = {
			isa = PBXGroup;
			children = (
				3F382A6F1CECF5BD008D4EDF /* WillPowerTests.swift */,
				3F382A711CECF5BD008D4EDF /* Info.plist */,
			);
			path = WillPowerTests;
			sourceTree = "<group>";
		};
		3F382A791CECF5BD008D4EDF /* WillPowerUITests */ = {
			isa = PBXGroup;
			children = (
				3F382A7A1CECF5BD008D4EDF /* WillPowerUITests.swift */,
				3F382A7C1CECF5BD008D4EDF /* Info.plist */,
			);
			path = WillPowerUITests;
			sourceTree = "<group>";
		};
		3F382A8A1CEDDA3A008D4EDF /* Resourses */ = {
			isa = PBXGroup;
			children = (
				3F382A8C1CEDDA4D008D4EDF /* fonts */,
				3F382A8B1CEDDA46008D4EDF /* images */,
			);
			name = Resourses;
			sourceTree = "<group>";
		};
		3F382A8B1CEDDA46008D4EDF /* images */ = {
			isa = PBXGroup;
			children = (
				3FAD80331CEE81DF007106E1 /* icon58.png */,
				3FAD80341CEE81DF007106E1 /* icon80.png */,
				3FAD80351CEE81DF007106E1 /* icon87.png */,
				3FAD80361CEE81DF007106E1 /* icon120.png */,
				3FAD802F1CEE8060007106E1 /* icon_2x.png */,
				3FAD80301CEE8060007106E1 /* icon_3x.png */,
				3FAD802D1CEE7CD4007106E1 /* LaunchLogo.png */,
				3FAD802B1CEE741F007106E1 /* AddCustomView.png */,
				3FAD80271CEE7092007106E1 /* addfield.png */,
				3FAD80231CEE22A7007106E1 /* CancelButton.png */,
				3FAD80241CEE22A7007106E1 /* ClockView.png */,
				3F382A8F1CEDE3BD008D4EDF /* AddCustomButton.png */,
				3F382A901CEDE3BD008D4EDF /* startDietButton.png */,
				3F382A911CEDE3BD008D4EDF /* stopDrinkingButton.png */,
				3F382A921CEDE3BD008D4EDF /* stopSmokingButton.png */,
				3F382A8D1CEDDA6A008D4EDF /* logo.png */,
			);
			name = images;
			sourceTree = "<group>";
		};
		3F382A8C1CEDDA4D008D4EDF /* fonts */ = {
			isa = PBXGroup;
			children = (
				3FAD80291CEE709D007106E1 /* proximanova-regular.otf */,
				3FAD801F1CEE1DE0007106E1 /* proximanova-black.otf */,
				3FAD80201CEE1DE0007106E1 /* proximanova-bold.otf */,
			);
			name = fonts;
			sourceTree = "<group>";
		};
/* End PBXGroup section */

/* Begin PBXNativeTarget section */
		3F382A561CECF5BD008D4EDF /* WillPower */ = {
			isa = PBXNativeTarget;
			buildConfigurationList = 3F382A7F1CECF5BD008D4EDF /* Build configuration list for PBXNativeTarget "WillPower" */;
			buildPhases = (
				3F382A531CECF5BD008D4EDF /* Sources */,
				3F382A541CECF5BD008D4EDF /* Frameworks */,
				3F382A551CECF5BD008D4EDF /* Resources */,
			);
			buildRules = (
			);
			dependencies = (
			);
			name = WillPower;
			productName = WillPower;
			productReference = 3F382A571CECF5BD008D4EDF /* WillPower.app */;
			productType = "com.apple.product-type.application";
		};
		3F382A6A1CECF5BD008D4EDF /* WillPowerTests */ = {
			isa = PBXNativeTarget;
			buildConfigurationList = 3F382A821CECF5BD008D4EDF /* Build configuration list for PBXNativeTarget "WillPowerTests" */;
			buildPhases = (
				3F382A671CECF5BD008D4EDF /* Sources */,
				3F382A681CECF5BD008D4EDF /* Frameworks */,
				3F382A691CECF5BD008D4EDF /* Resources */,
			);
			buildRules = (
			);
			dependencies = (
				3F382A6D1CECF5BD008D4EDF /* PBXTargetDependency */,
			);
			name = WillPowerTests;
			productName = WillPowerTests;
			productReference = 3F382A6B1CECF5BD008D4EDF /* WillPowerTests.xctest */;
			productType = "com.apple.product-type.bundle.unit-test";
		};
		3F382A751CECF5BD008D4EDF /* WillPowerUITests */ = {
			isa = PBXNativeTarget;
			buildConfigurationList = 3F382A851CECF5BD008D4EDF /* Build configuration list for PBXNativeTarget "WillPowerUITests" */;
			buildPhases = (
				3F382A721CECF5BD008D4EDF /* Sources */,
				3F382A731CECF5BD008D4EDF /* Frameworks */,
				3F382A741CECF5BD008D4EDF /* Resources */,
			);
			buildRules = (
			);
			dependencies = (
				3F382A781CECF5BD008D4EDF /* PBXTargetDependency */,
			);
			name = WillPowerUITests;
			productName = WillPowerUITests;
			productReference = 3F382A761CECF5BD008D4EDF /* WillPowerUITests.xctest */;
			productType = "com.apple.product-type.bundle.ui-testing";
		};
/* End PBXNativeTarget section */

/* Begin PBXProject section */
		3F382A4F1CECF5BD008D4EDF /* Project object */ = {
			isa = PBXProject;
			attributes = {
				LastSwiftUpdateCheck = 0730;
				LastUpgradeCheck = 0730;
				ORGANIZATIONNAME = "Виталий Волков";
				TargetAttributes = {
					3F382A561CECF5BD008D4EDF = {
						CreatedOnToolsVersion = 7.3;
						DevelopmentTeam = P89V4KBVYT;
					};
					3F382A6A1CECF5BD008D4EDF = {
						CreatedOnToolsVersion = 7.3;
						TestTargetID = 3F382A561CECF5BD008D4EDF;
					};
					3F382A751CECF5BD008D4EDF = {
						CreatedOnToolsVersion = 7.3;
						TestTargetID = 3F382A561CECF5BD008D4EDF;
					};
				};
			};
			buildConfigurationList = 3F382A521CECF5BD008D4EDF /* Build configuration list for PBXProject "WillPower" */;
			compatibilityVersion = "Xcode 3.2";
			developmentRegion = English;
			hasScannedForEncodings = 0;
			knownRegions = (
				en,
				Base,
			);
			mainGroup = 3F382A4E1CECF5BD008D4EDF;
			productRefGroup = 3F382A581CECF5BD008D4EDF /* Products */;
			projectDirPath = "";
			projectRoot = "";
			targets = (
				3F382A561CECF5BD008D4EDF /* WillPower */,
				3F382A6A1CECF5BD008D4EDF /* WillPowerTests */,
				3F382A751CECF5BD008D4EDF /* WillPowerUITests */,
			);
		};
/* End PBXProject section */

/* Begin PBXResourcesBuildPhase section */
		3F382A551CECF5BD008D4EDF /* Resources */ = {
			isa = PBXResourcesBuildPhase;
			buildActionMask = 2147483647;
			files = (
				3FAD80281CEE7092007106E1 /* addfield.png in Resources */,
				3FAD80321CEE8060007106E1 /* icon_3x.png in Resources */,
				3FAD80251CEE22A7007106E1 /* CancelButton.png in Resources */,
				3F382A951CEDE3BD008D4EDF /* stopDrinkingButton.png in Resources */,
				3F382A8E1CEDDA6A008D4EDF /* logo.png in Resources */,
				3F382A961CEDE3BD008D4EDF /* stopSmokingButton.png in Resources */,
				3F382A651CECF5BD008D4EDF /* LaunchScreen.storyboard in Resources */,
				3FAD80391CEE81DF007106E1 /* icon87.png in Resources */,
				3F382A931CEDE3BD008D4EDF /* AddCustomButton.png in Resources */,
				3FAD80221CEE1DE0007106E1 /* proximanova-bold.otf in Resources */,
				3FAD80311CEE8060007106E1 /* icon_2x.png in Resources */,
				3FAD80261CEE22A7007106E1 /* ClockView.png in Resources */,
				3FAD802A1CEE709D007106E1 /* proximanova-regular.otf in Resources */,
				3F382A621CECF5BD008D4EDF /* Assets.xcassets in Resources */,
				3FAD80211CEE1DE0007106E1 /* proximanova-black.otf in Resources */,
				3FAD80381CEE81DF007106E1 /* icon80.png in Resources */,
				3FAD802C1CEE741F007106E1 /* AddCustomView.png in Resources */,
				3FAD802E1CEE7CD4007106E1 /* LaunchLogo.png in Resources */,
				3FAD803A1CEE81DF007106E1 /* icon120.png in Resources */,
				3F382A941CEDE3BD008D4EDF /* startDietButton.png in Resources */,
				3FAD80371CEE81DF007106E1 /* icon58.png in Resources */,
				3F382A601CECF5BD008D4EDF /* Main.storyboard in Resources */,
			);
			runOnlyForDeploymentPostprocessing = 0;
		};
		3F382A691CECF5BD008D4EDF /* Resources */ = {
			isa = PBXResourcesBuildPhase;
			buildActionMask = 2147483647;
			files = (
			);
			runOnlyForDeploymentPostprocessing = 0;
		};
		3F382A741CECF5BD008D4EDF /* Resources */ = {
			isa = PBXResourcesBuildPhase;
			buildActionMask = 2147483647;
			files = (
			);
			runOnlyForDeploymentPostprocessing = 0;
		};
/* End PBXResourcesBuildPhase section */

/* Begin PBXSourcesBuildPhase section */
		3F382A531CECF5BD008D4EDF /* Sources */ = {
			isa = PBXSourcesBuildPhase;
			buildActionMask = 2147483647;
			files = (
				3F382A5D1CECF5BD008D4EDF /* ViewController.swift in Sources */,
				3F382A5B1CECF5BD008D4EDF /* AppDelegate.swift in Sources */,
				3F382A891CED1952008D4EDF /* AddViewController.swift in Sources */,
			);
			runOnlyForDeploymentPostprocessing = 0;
		};
		3F382A671CECF5BD008D4EDF /* Sources */ = {
			isa = PBXSourcesBuildPhase;
			buildActionMask = 2147483647;
			files = (
				3F382A701CECF5BD008D4EDF /* WillPowerTests.swift in Sources */,
			);
			runOnlyForDeploymentPostprocessing = 0;
		};
		3F382A721CECF5BD008D4EDF /* Sources */ = {
			isa = PBXSourcesBuildPhase;
			buildActionMask = 2147483647;
			files = (
				3F382A7B1CECF5BD008D4EDF /* WillPowerUITests.swift in Sources */,
			);
			runOnlyForDeploymentPostprocessing = 0;
		};
/* End PBXSourcesBuildPhase section */

/* Begin PBXTargetDependency section */
		3F382A6D1CECF5BD008D4EDF /* PBXTargetDependency */ = {
			isa = PBXTargetDependency;
			target = 3F382A561CECF5BD008D4EDF /* WillPower */;
			targetProxy = 3F382A6C1CECF5BD008D4EDF /* PBXContainerItemProxy */;
		};
		3F382A781CECF5BD008D4EDF /* PBXTargetDependency */ = {
			isa = PBXTargetDependency;
			target = 3F382A561CECF5BD008D4EDF /* WillPower */;
			targetProxy = 3F382A771CECF5BD008D4EDF /* PBXContainerItemProxy */;
		};
/* End PBXTargetDependency section */

/* Begin PBXVariantGroup section */
		3F382A5E1CECF5BD008D4EDF /* Main.storyboard */ = {
			isa = PBXVariantGroup;
			children = (
				3F382A5F1CECF5BD008D4EDF /* Base */,
			);
			name = Main.storyboard;
			sourceTree = "<group>";
		};
		3F382A631CECF5BD008D4EDF /* LaunchScreen.storyboard */ = {
			isa = PBXVariantGroup;
			children = (
				3F382A641CECF5BD008D4EDF /* Base */,
			);
			name = LaunchScreen.storyboard;
			sourceTree = "<group>";
		};
/* End PBXVariantGroup section */

/* Begin XCBuildConfiguration section */
		3F382A7D1CECF5BD008D4EDF /* Debug */ = {
			isa = XCBuildConfiguration;
			buildSettings = {
				ALWAYS_SEARCH_USER_PATHS = NO;
				CLANG_ANALYZER_NONNULL = YES;
				CLANG_CXX_LANGUAGE_STANDARD = "gnu++0x";
				CLANG_CXX_LIBRARY = "libc++";
				CLANG_ENABLE_MODULES = YES;
				CLANG_ENABLE_OBJC_ARC = YES;
				CLANG_WARN_BOOL_CONVERSION = YES;
				CLANG_WARN_CONSTANT_CONVERSION = YES;
				CLANG_WARN_DIRECT_OBJC_ISA_USAGE = YES_ERROR;
				CLANG_WARN_EMPTY_BODY = YES;
				CLANG_WARN_ENUM_CONVERSION = YES;
				CLANG_WARN_INT_CONVERSION = YES;
				CLANG_WARN_OBJC_ROOT_CLASS = YES_ERROR;
				CLANG_WARN_UNREACHABLE_CODE = YES;
				CLANG_WARN__DUPLICATE_METHOD_MATCH = YES;
				"CODE_SIGN_IDENTITY[sdk=iphoneos*]" = "iPhone Developer";
				COPY_PHASE_STRIP = NO;
				DEBUG_INFORMATION_FORMAT = dwarf;
				ENABLE_STRICT_OBJC_MSGSEND = YES;
				ENABLE_TESTABILITY = YES;
				GCC_C_LANGUAGE_STANDARD = gnu99;
				GCC_DYNAMIC_NO_PIC = NO;
				GCC_NO_COMMON_BLOCKS = YES;
				GCC_OPTIMIZATION_LEVEL = 0;
				GCC_PREPROCESSOR_DEFINITIONS = (
					"DEBUG=1",
					"$(inherited)",
				);
				GCC_WARN_64_TO_32_BIT_CONVERSION = YES;
				GCC_WARN_ABOUT_RETURN_TYPE = YES_ERROR;
				GCC_WARN_UNDECLARED_SELECTOR = YES;
				GCC_WARN_UNINITIALIZED_AUTOS = YES_AGGRESSIVE;
				GCC_WARN_UNUSED_FUNCTION = YES;
				GCC_WARN_UNUSED_VARIABLE = YES;
				IPHONEOS_DEPLOYMENT_TARGET = 9.3;
				MTL_ENABLE_DEBUG_INFO = YES;
				ONLY_ACTIVE_ARCH = YES;
				SDKROOT = iphoneos;
				SWIFT_OPTIMIZATION_LEVEL = "-Onone";
			};
			name = Debug;
		};
		3F382A7E1CECF5BD008D4EDF /* Release */ = {
			isa = XCBuildConfiguration;
			buildSettings = {
				ALWAYS_SEARCH_USER_PATHS = NO;
				CLANG_ANALYZER_NONNULL = YES;
				CLANG_CXX_LANGUAGE_STANDARD = "gnu++0x";
				CLANG_CXX_LIBRARY = "libc++";
				CLANG_ENABLE_MODULES = YES;
				CLANG_ENABLE_OBJC_ARC = YES;
				CLANG_WARN_BOOL_CONVERSION = YES;
				CLANG_WARN_CONSTANT_CONVERSION = YES;
				CLANG_WARN_DIRECT_OBJC_ISA_USAGE = YES_ERROR;
				CLANG_WARN_EMPTY_BODY = YES;
				CLANG_WARN_ENUM_CONVERSION = YES;
				CLANG_WARN_INT_CONVERSION = YES;
				CLANG_WARN_OBJC_ROOT_CLASS = YES_ERROR;
				CLANG_WARN_UNREACHABLE_CODE = YES;
				CLANG_WARN__DUPLICATE_METHOD_MATCH = YES;
				"CODE_SIGN_IDENTITY[sdk=iphoneos*]" = "iPhone Developer";
				COPY_PHASE_STRIP = NO;
				DEBUG_INFORMATION_FORMAT = "dwarf-with-dsym";
				ENABLE_NS_ASSERTIONS = NO;
				ENABLE_STRICT_OBJC_MSGSEND = YES;
				GCC_C_LANGUAGE_STANDARD = gnu99;
				GCC_NO_COMMON_BLOCKS = YES;
				GCC_WARN_64_TO_32_BIT_CONVERSION = YES;
				GCC_WARN_ABOUT_RETURN_TYPE = YES_ERROR;
				GCC_WARN_UNDECLARED_SELECTOR = YES;
				GCC_WARN_UNINITIALIZED_AUTOS = YES_AGGRESSIVE;
				GCC_WARN_UNUSED_FUNCTION = YES;
				GCC_WARN_UNUSED_VARIABLE = YES;
				IPHONEOS_DEPLOYMENT_TARGET = 9.3;
				MTL_ENABLE_DEBUG_INFO = NO;
				SDKROOT = iphoneos;
				VALIDATE_PRODUCT = YES;
			};
			name = Release;
		};
		3F382A801CECF5BD008D4EDF /* Debug */ = {
			isa = XCBuildConfiguration;
			buildSettings = {
				ASSETCATALOG_COMPILER_APPICON_NAME = AppIcon;
				CODE_SIGN_IDENTITY = "iPhone Developer";
				INFOPLIST_FILE = WillPower/Info.plist;
				IPHONEOS_DEPLOYMENT_TARGET = 8.0;
				LD_RUNPATH_SEARCH_PATHS = "$(inherited) @executable_path/Frameworks";
				PRODUCT_BUNDLE_IDENTIFIER = Vitalyi.WillPower.WillPower;
				PRODUCT_NAME = "$(TARGET_NAME)";
				SDKROOT = iphoneos;
			};
			name = Debug;
		};
		3F382A811CECF5BD008D4EDF /* Release */ = {
			isa = XCBuildConfiguration;
			buildSettings = {
				ASSETCATALOG_COMPILER_APPICON_NAME = AppIcon;
				CODE_SIGN_IDENTITY = "iPhone Developer";
				INFOPLIST_FILE = WillPower/Info.plist;
				IPHONEOS_DEPLOYMENT_TARGET = 8.0;
				LD_RUNPATH_SEARCH_PATHS = "$(inherited) @executable_path/Frameworks";
				PRODUCT_BUNDLE_IDENTIFIER = Vitalyi.WillPower.WillPower;
				PRODUCT_NAME = "$(TARGET_NAME)";
				SDKROOT = iphoneos;
			};
			name = Release;
		};
		3F382A831CECF5BD008D4EDF /* Debug */ = {
			isa = XCBuildConfiguration;
			buildSettings = {
				BUNDLE_LOADER = "$(TEST_HOST)";
				INFOPLIST_FILE = WillPowerTests/Info.plist;
				LD_RUNPATH_SEARCH_PATHS = "$(inherited) @executable_path/Frameworks @loader_path/Frameworks";
				PRODUCT_BUNDLE_IDENTIFIER = Vitalyi.WillPower.WillPowerTests;
				PRODUCT_NAME = "$(TARGET_NAME)";
				TEST_HOST = "$(BUILT_PRODUCTS_DIR)/WillPower.app/WillPower";
			};
			name = Debug;
		};
		3F382A841CECF5BD008D4EDF /* Release */ = {
			isa = XCBuildConfiguration;
			buildSettings = {
				BUNDLE_LOADER = "$(TEST_HOST)";
				INFOPLIST_FILE = WillPowerTests/Info.plist;
				LD_RUNPATH_SEARCH_PATHS = "$(inherited) @executable_path/Frameworks @loader_path/Frameworks";
				PRODUCT_BUNDLE_IDENTIFIER = Vitalyi.WillPower.WillPowerTests;
				PRODUCT_NAME = "$(TARGET_NAME)";
				TEST_HOST = "$(BUILT_PRODUCTS_DIR)/WillPower.app/WillPower";
			};
			name = Release;
		};
		3F382A861CECF5BD008D4EDF /* Debug */ = {
			isa = XCBuildConfiguration;
			buildSettings = {
				INFOPLIST_FILE = WillPowerUITests/Info.plist;
				LD_RUNPATH_SEARCH_PATHS = "$(inherited) @executable_path/Frameworks @loader_path/Frameworks";
				PRODUCT_BUNDLE_IDENTIFIER = Vitalyi.WillPower.WillPowerUITests;
				PRODUCT_NAME = "$(TARGET_NAME)";
				TEST_TARGET_NAME = WillPower;
			};
			name = Debug;
		};
		3F382A871CECF5BD008D4EDF /* Release */ = {
			isa = XCBuildConfiguration;
			buildSettings = {
				INFOPLIST_FILE = WillPowerUITests/Info.plist;
				LD_RUNPATH_SEARCH_PATHS = "$(inherited) @executable_path/Frameworks @loader_path/Frameworks";
				PRODUCT_BUNDLE_IDENTIFIER = Vitalyi.WillPower.WillPowerUITests;
				PRODUCT_NAME = "$(TARGET_NAME)";
				TEST_TARGET_NAME = WillPower;
			};
			name = Release;
		};
/* End XCBuildConfiguration section */

/* Begin XCConfigurationList section */
		3F382A521CECF5BD008D4EDF /* Build configuration list for PBXProject "WillPower" */ = {
			isa = XCConfigurationList;
			buildConfigurations = (
				3F382A7D1CECF5BD008D4EDF /* Debug */,
				3F382A7E1CECF5BD008D4EDF /* Release */,
			);
			defaultConfigurationIsVisible = 0;
			defaultConfigurationName = Release;
		};
		3F382A7F1CECF5BD008D4EDF /* Build configuration list for PBXNativeTarget "WillPower" */ = {
			isa = XCConfigurationList;
			buildConfigurations = (
				3F382A801CECF5BD008D4EDF /* Debug */,
				3F382A811CECF5BD008D4EDF /* Release */,
			);
			defaultConfigurationIsVisible = 0;
			defaultConfigurationName = Release;
		};
		3F382A821CECF5BD008D4EDF /* Build configuration list for PBXNativeTarget "WillPowerTests" */ = {
			isa = XCConfigurationList;
			buildConfigurations = (
				3F382A831CECF5BD008D4EDF /* Debug */,
				3F382A841CECF5BD008D4EDF /* Release */,
			);
			defaultConfigurationIsVisible = 0;
			defaultConfigurationName = Release;
		};
		3F382A851CECF5BD008D4EDF /* Build configuration list for PBXNativeTarget "WillPowerUITests" */ = {
			isa = XCConfigurationList;
			buildConfigurations = (
				3F382A861CECF5BD008D4EDF /* Debug */,
				3F382A871CECF5BD008D4EDF /* Release */,
			);
			defaultConfigurationIsVisible = 0;
			defaultConfigurationName = Release;
		};
/* End XCConfigurationList section */
	};
	rootObject = 3F382A4F1CECF5BD008D4EDF /* Project object */;
}
